{
  "version": 4,
  "terraform_version": "1.14.3",
  "serial": 26,
  "lineage": "c7124686-991d-194c-9cc5-7ed60e2ef58b",
  "outputs": {
    "nodes_external_ip": {
      "value": [
        "178.154.253.41",
        "178.154.253.53",
        "89.169.150.111"
      ],
      "type": [
        "tuple",
        [
          "string",
          "string",
          "string"
        ]
      ]
    }
  },
  "resources": [
    {
      "mode": "managed",
      "type": "yandex_compute_instance",
      "name": "swarm-node",
      "provider": "provider[\"registry.terraform.io/yandex-cloud/yandex\"]",
      "instances": [
        {
          "index_key": 0,
          "schema_version": 1,
          "attributes": {
            "allow_recreate": null,
            "allow_stopping_for_update": null,
            "boot_disk": [
              {
                "auto_delete": true,
                "device_name": "fhmq0jjeju2lv160djbs",
                "disk_id": "fhmq0jjeju2lv160djbs",
                "initialize_params": [
                  {
                    "block_size": 4096,
                    "description": "",
                    "image_id": "fd8995uqr5belqskff7j",
                    "kms_key_id": "",
                    "name": "",
                    "size": 10,
                    "snapshot_id": "",
                    "type": "network-hdd"
                  }
                ],
                "mode": "READ_WRITE"
              }
            ],
            "created_at": "2026-01-26T11:02:52Z",
            "description": "",
            "filesystem": [],
            "folder_id": "b1gqe649cpgjsd7qhnu5",
            "fqdn": "fhmlihriqg53ioaukdfe.auto.internal",
            "gpu_cluster_id": "",
            "hardware_generation": [
              {
                "generation2_features": [],
                "legacy_features": [
                  {
                    "pci_topology": "PCI_TOPOLOGY_V1"
                  }
                ]
              }
            ],
            "hostname": "",
            "id": "fhmlihriqg53ioaukdfe",
            "labels": null,
            "local_disk": [],
            "maintenance_grace_period": "",
            "maintenance_policy": null,
            "metadata": {
              "ssh-keys": "art:ssh-rsa AAAAB3NzaC1yc2EAAAADAQABAAABgQC96IE4bk+kzyZp5sY5cL3oqHDJm5Z0u6BZOgXEenRpD6jGoDJy6g8XVgOqcF1ZhjvexiZbvd0wUPDD/UGezaFPXstZw6SyA8WiSCxOWSQsPpL8uBgWn1CO+9BVLms1+BNcU+erh/YdkbNde++jps2GoqSK93gBiY3ZNLcg4otrihMZOxorx5zZjxKQipnsPyVdygvzQ0F92D3AtvtjdrWUvr5rQxp+fDJAUUcvijdInugj97ey/FuBVBUY7HdnD0IYQoP35qcBDmqO6glRv4UaV0WmbYX5PPh6QK6LyFGVeegTHlmxobGcP6z13m8hvcwF9RmElxEAlt3ge5fifote8NcipCYaljDjti7Z0pc6K/yDtlRPISUUu8eqMYT7uhFu84XYk2qwd/n7laEq0RiQGOkOul0HLTxobd4pyfMOFcQaw6Kwlzejtm0VuEsmJQkzdaYTlR9ts6ARP7zptdHnvME4wvKE8Z8m5F9R32rwemBxx18lTcMQxsUYhQAXQg0= art@debian-sb\n",
              "user-data": "users:\n  - name: art\n    groups: sudo\n    shell: /bin/bash\n    sudo: ['ALL=(ALL) NOPASSWD:ALL']\n    ssh_authorized_keys:\n      - ssh-ed25519 AAAAC3NzaC1lZDI1NTE5AAAAIJbq9DwdMFOi0n4bceuSW/2yO6nPKoV41TsIAaCxkxu3 art@debian-sb\n\n  - name: admin\n    groups: sudo\n    shell: /bin/bash\n    sudo: ['ALL=(ALL) NOPASSWD:ALL']\n    lock_passwd: false\n    passwd: \"$6$rounds=4096$wPs2z7VqC9$X6q5h7W8pY2rT3sV1qZ9mN0bC4dF7gH2jK5lP8oR6tS9uY4vAxE3zB1cM6nDf\"\n\nssh_pwauth: true\ndisable_root: false\nchpasswd:\n  list: |\n    admin:123456\n  expire: false"
            },
            "metadata_options": [
              {
                "aws_v1_http_endpoint": 1,
                "aws_v1_http_token": 2,
                "gce_http_endpoint": 1,
                "gce_http_token": 1
              }
            ],
            "name": "swarm-node-0",
            "network_acceleration_type": "standard",
            "network_interface": [
              {
                "dns_record": [],
                "index": 0,
                "ip_address": "192.168.10.31",
                "ipv4": true,
                "ipv6": false,
                "ipv6_address": "",
                "ipv6_dns_record": [],
                "mac_address": "d0:0d:15:94:77:2d",
                "nat": true,
                "nat_dns_record": [],
                "nat_ip_address": "178.154.253.41",
                "nat_ip_version": "IPV4",
                "security_group_ids": null,
                "subnet_id": "e9b7get6977ma4k1ouol"
              }
            ],
            "placement_policy": [
              {
                "host_affinity_rules": [],
                "placement_group_id": "",
                "placement_group_partition": 0
              }
            ],
            "platform_id": "standard-v3",
            "resources": [
              {
                "core_fraction": 20,
                "cores": 2,
                "gpus": 0,
                "memory": 1
              }
            ],
            "scheduling_policy": [
              {
                "preemptible": true
              }
            ],
            "secondary_disk": [],
            "service_account_id": "",
            "status": "running",
            "timeouts": null,
            "zone": "ru-central1-a"
          },
          "sensitive_attributes": [],
          "identity_schema_version": 0,
          "private": "eyJlMmJmYjczMC1lY2FhLTExZTYtOGY4OC0zNDM2M2JjN2M0YzAiOnsiY3JlYXRlIjozMDAwMDAwMDAwMDAsImRlbGV0ZSI6MzAwMDAwMDAwMDAwLCJ1cGRhdGUiOjMwMDAwMDAwMDAwMH0sInNjaGVtYV92ZXJzaW9uIjoiMSJ9",
          "dependencies": [
            "yandex_vpc_network.swarm-network",
            "yandex_vpc_subnet.swarm-subnet"
          ]
        },
        {
          "index_key": 1,
          "schema_version": 1,
          "attributes": {
            "allow_recreate": null,
            "allow_stopping_for_update": null,
            "boot_disk": [
              {
                "auto_delete": true,
                "device_name": "fhm9r7pfssu6ftvn8c3d",
                "disk_id": "fhm9r7pfssu6ftvn8c3d",
                "initialize_params": [
                  {
                    "block_size": 4096,
                    "description": "",
                    "image_id": "fd8995uqr5belqskff7j",
                    "kms_key_id": "",
                    "name": "",
                    "size": 10,
                    "snapshot_id": "",
                    "type": "network-hdd"
                  }
                ],
                "mode": "READ_WRITE"
              }
            ],
            "created_at": "2026-01-26T11:02:52Z",
            "description": "",
            "filesystem": [],
            "folder_id": "b1gqe649cpgjsd7qhnu5",
            "fqdn": "fhmom2o1fdlpg0anmj9k.auto.internal",
            "gpu_cluster_id": "",
            "hardware_generation": [
              {
                "generation2_features": [],
                "legacy_features": [
                  {
                    "pci_topology": "PCI_TOPOLOGY_V1"
                  }
                ]
              }
            ],
            "hostname": "",
            "id": "fhmom2o1fdlpg0anmj9k",
            "labels": null,
            "local_disk": [],
            "maintenance_grace_period": "",
            "maintenance_policy": null,
            "metadata": {
              "ssh-keys": "art:ssh-rsa AAAAB3NzaC1yc2EAAAADAQABAAABgQC96IE4bk+kzyZp5sY5cL3oqHDJm5Z0u6BZOgXEenRpD6jGoDJy6g8XVgOqcF1ZhjvexiZbvd0wUPDD/UGezaFPXstZw6SyA8WiSCxOWSQsPpL8uBgWn1CO+9BVLms1+BNcU+erh/YdkbNde++jps2GoqSK93gBiY3ZNLcg4otrihMZOxorx5zZjxKQipnsPyVdygvzQ0F92D3AtvtjdrWUvr5rQxp+fDJAUUcvijdInugj97ey/FuBVBUY7HdnD0IYQoP35qcBDmqO6glRv4UaV0WmbYX5PPh6QK6LyFGVeegTHlmxobGcP6z13m8hvcwF9RmElxEAlt3ge5fifote8NcipCYaljDjti7Z0pc6K/yDtlRPISUUu8eqMYT7uhFu84XYk2qwd/n7laEq0RiQGOkOul0HLTxobd4pyfMOFcQaw6Kwlzejtm0VuEsmJQkzdaYTlR9ts6ARP7zptdHnvME4wvKE8Z8m5F9R32rwemBxx18lTcMQxsUYhQAXQg0= art@debian-sb\n",
              "user-data": "users:\n  - name: art\n    groups: sudo\n    shell: /bin/bash\n    sudo: ['ALL=(ALL) NOPASSWD:ALL']\n    ssh_authorized_keys:\n      - ssh-ed25519 AAAAC3NzaC1lZDI1NTE5AAAAIJbq9DwdMFOi0n4bceuSW/2yO6nPKoV41TsIAaCxkxu3 art@debian-sb\n\n  - name: admin\n    groups: sudo\n    shell: /bin/bash\n    sudo: ['ALL=(ALL) NOPASSWD:ALL']\n    lock_passwd: false\n    passwd: \"$6$rounds=4096$wPs2z7VqC9$X6q5h7W8pY2rT3sV1qZ9mN0bC4dF7gH2jK5lP8oR6tS9uY4vAxE3zB1cM6nDf\"\n\nssh_pwauth: true\ndisable_root: false\nchpasswd:\n  list: |\n    admin:123456\n  expire: false"
            },
            "metadata_options": [
              {
                "aws_v1_http_endpoint": 1,
                "aws_v1_http_token": 2,
                "gce_http_endpoint": 1,
                "gce_http_token": 1
              }
            ],
            "name": "swarm-node-1",
            "network_acceleration_type": "standard",
            "network_interface": [
              {
                "dns_record": [],
                "index": 0,
                "ip_address": "192.168.10.29",
                "ipv4": true,
                "ipv6": false,
                "ipv6_address": "",
                "ipv6_dns_record": [],
                "mac_address": "d0:0d:18:b0:b0:17",
                "nat": true,
                "nat_dns_record": [],
                "nat_ip_address": "178.154.253.53",
                "nat_ip_version": "IPV4",
                "security_group_ids": null,
                "subnet_id": "e9b7get6977ma4k1ouol"
              }
            ],
            "placement_policy": [
              {
                "host_affinity_rules": [],
                "placement_group_id": "",
                "placement_group_partition": 0
              }
            ],
            "platform_id": "standard-v3",
            "resources": [
              {
                "core_fraction": 20,
                "cores": 2,
                "gpus": 0,
                "memory": 1
              }
            ],
            "scheduling_policy": [
              {
                "preemptible": true
              }
            ],
            "secondary_disk": [],
            "service_account_id": "",
            "status": "running",
            "timeouts": null,
            "zone": "ru-central1-a"
          },
          "sensitive_attributes": [],
          "identity_schema_version": 0,
          "private": "eyJlMmJmYjczMC1lY2FhLTExZTYtOGY4OC0zNDM2M2JjN2M0YzAiOnsiY3JlYXRlIjozMDAwMDAwMDAwMDAsImRlbGV0ZSI6MzAwMDAwMDAwMDAwLCJ1cGRhdGUiOjMwMDAwMDAwMDAwMH0sInNjaGVtYV92ZXJzaW9uIjoiMSJ9",
          "dependencies": [
            "yandex_vpc_network.swarm-network",
            "yandex_vpc_subnet.swarm-subnet"
          ]
        },
        {
          "index_key": 2,
          "schema_version": 1,
          "attributes": {
            "allow_recreate": null,
            "allow_stopping_for_update": null,
            "boot_disk": [
              {
                "auto_delete": true,
                "device_name": "fhm3h95jd4hcpvgs5fc1",
                "disk_id": "fhm3h95jd4hcpvgs5fc1",
                "initialize_params": [
                  {
                    "block_size": 4096,
                    "description": "",
                    "image_id": "fd8995uqr5belqskff7j",
                    "kms_key_id": "",
                    "name": "",
                    "size": 10,
                    "snapshot_id": "",
                    "type": "network-hdd"
                  }
                ],
                "mode": "READ_WRITE"
              }
            ],
            "created_at": "2026-01-26T11:02:52Z",
            "description": "",
            "filesystem": [],
            "folder_id": "b1gqe649cpgjsd7qhnu5",
            "fqdn": "fhm8kfbvhj84b2oc66ua.auto.internal",
            "gpu_cluster_id": "",
            "hardware_generation": [
              {
                "generation2_features": [],
                "legacy_features": [
                  {
                    "pci_topology": "PCI_TOPOLOGY_V1"
                  }
                ]
              }
            ],
            "hostname": "",
            "id": "fhm8kfbvhj84b2oc66ua",
            "labels": null,
            "local_disk": [],
            "maintenance_grace_period": "",
            "maintenance_policy": null,
            "metadata": {
              "ssh-keys": "art:ssh-rsa AAAAB3NzaC1yc2EAAAADAQABAAABgQC96IE4bk+kzyZp5sY5cL3oqHDJm5Z0u6BZOgXEenRpD6jGoDJy6g8XVgOqcF1ZhjvexiZbvd0wUPDD/UGezaFPXstZw6SyA8WiSCxOWSQsPpL8uBgWn1CO+9BVLms1+BNcU+erh/YdkbNde++jps2GoqSK93gBiY3ZNLcg4otrihMZOxorx5zZjxKQipnsPyVdygvzQ0F92D3AtvtjdrWUvr5rQxp+fDJAUUcvijdInugj97ey/FuBVBUY7HdnD0IYQoP35qcBDmqO6glRv4UaV0WmbYX5PPh6QK6LyFGVeegTHlmxobGcP6z13m8hvcwF9RmElxEAlt3ge5fifote8NcipCYaljDjti7Z0pc6K/yDtlRPISUUu8eqMYT7uhFu84XYk2qwd/n7laEq0RiQGOkOul0HLTxobd4pyfMOFcQaw6Kwlzejtm0VuEsmJQkzdaYTlR9ts6ARP7zptdHnvME4wvKE8Z8m5F9R32rwemBxx18lTcMQxsUYhQAXQg0= art@debian-sb\n",
              "user-data": "users:\n  - name: art\n    groups: sudo\n    shell: /bin/bash\n    sudo: ['ALL=(ALL) NOPASSWD:ALL']\n    ssh_authorized_keys:\n      - ssh-ed25519 AAAAC3NzaC1lZDI1NTE5AAAAIJbq9DwdMFOi0n4bceuSW/2yO6nPKoV41TsIAaCxkxu3 art@debian-sb\n\n  - name: admin\n    groups: sudo\n    shell: /bin/bash\n    sudo: ['ALL=(ALL) NOPASSWD:ALL']\n    lock_passwd: false\n    passwd: \"$6$rounds=4096$wPs2z7VqC9$X6q5h7W8pY2rT3sV1qZ9mN0bC4dF7gH2jK5lP8oR6tS9uY4vAxE3zB1cM6nDf\"\n\nssh_pwauth: true\ndisable_root: false\nchpasswd:\n  list: |\n    admin:123456\n  expire: false"
            },
            "metadata_options": [
              {
                "aws_v1_http_endpoint": 1,
                "aws_v1_http_token": 2,
                "gce_http_endpoint": 1,
                "gce_http_token": 1
              }
            ],
            "name": "swarm-node-2",
            "network_acceleration_type": "standard",
            "network_interface": [
              {
                "dns_record": [],
                "index": 0,
                "ip_address": "192.168.10.18",
                "ipv4": true,
                "ipv6": false,
                "ipv6_address": "",
                "ipv6_dns_record": [],
                "mac_address": "d0:0d:8a:3d:7f:8c",
                "nat": true,
                "nat_dns_record": [],
                "nat_ip_address": "89.169.150.111",
                "nat_ip_version": "IPV4",
                "security_group_ids": null,
                "subnet_id": "e9b7get6977ma4k1ouol"
              }
            ],
            "placement_policy": [
              {
                "host_affinity_rules": [],
                "placement_group_id": "",
                "placement_group_partition": 0
              }
            ],
            "platform_id": "standard-v3",
            "resources": [
              {
                "core_fraction": 20,
                "cores": 2,
                "gpus": 0,
                "memory": 1
              }
            ],
            "scheduling_policy": [
              {
                "preemptible": true
              }
            ],
            "secondary_disk": [],
            "service_account_id": "",
            "status": "running",
            "timeouts": null,
            "zone": "ru-central1-a"
          },
          "sensitive_attributes": [],
          "identity_schema_version": 0,
          "private": "eyJlMmJmYjczMC1lY2FhLTExZTYtOGY4OC0zNDM2M2JjN2M0YzAiOnsiY3JlYXRlIjozMDAwMDAwMDAwMDAsImRlbGV0ZSI6MzAwMDAwMDAwMDAwLCJ1cGRhdGUiOjMwMDAwMDAwMDAwMH0sInNjaGVtYV92ZXJzaW9uIjoiMSJ9",
          "dependencies": [
            "yandex_vpc_network.swarm-network",
            "yandex_vpc_subnet.swarm-subnet"
          ]
        }
      ]
    },
    {
      "mode": "managed",
      "type": "yandex_vpc_network",
      "name": "swarm-network",
      "provider": "provider[\"registry.terraform.io/yandex-cloud/yandex\"]",
      "instances": [
        {
          "schema_version": 0,
          "attributes": {
            "created_at": "2026-01-26T11:02:42Z",
            "default_security_group_id": "enp1htubh4f93d1c7maa",
            "description": "",
            "folder_id": "b1gqe649cpgjsd7qhnu5",
            "id": "enpg6qfd2nhdcbcatndp",
            "labels": {},
            "name": "swarm-network",
            "subnet_ids": [],
            "timeouts": null
          },
          "sensitive_attributes": [],
          "identity_schema_version": 0,
          "private": "eyJlMmJmYjczMC1lY2FhLTExZTYtOGY4OC0zNDM2M2JjN2M0YzAiOnsiY3JlYXRlIjo2MDAwMDAwMDAwMCwiZGVsZXRlIjo2MDAwMDAwMDAwMCwidXBkYXRlIjo2MDAwMDAwMDAwMH19"
        }
      ]
    },
    {
      "mode": "managed",
      "type": "yandex_vpc_subnet",
      "name": "swarm-subnet",
      "provider": "provider[\"registry.terraform.io/yandex-cloud/yandex\"]",
      "instances": [
        {
          "schema_version": 0,
          "attributes": {
            "created_at": "2026-01-26T11:02:44Z",
            "description": "",
            "dhcp_options": [],
            "folder_id": "b1gqe649cpgjsd7qhnu5",
            "id": "e9b7get6977ma4k1ouol",
            "labels": {},
            "name": "swarm-subnet",
            "network_id": "enpg6qfd2nhdcbcatndp",
            "route_table_id": "",
            "timeouts": null,
            "v4_cidr_blocks": [
              "192.168.10.0/24"
            ],
            "v6_cidr_blocks": [],
            "zone": "ru-central1-a"
          },
          "sensitive_attributes": [],
          "identity_schema_version": 0,
          "private": "eyJlMmJmYjczMC1lY2FhLTExZTYtOGY4OC0zNDM2M2JjN2M0YzAiOnsiY3JlYXRlIjoxODAwMDAwMDAwMDAsImRlbGV0ZSI6MTgwMDAwMDAwMDAwLCJ1cGRhdGUiOjE4MDAwMDAwMDAwMH19",
          "dependencies": [
            "yandex_vpc_network.swarm-network"
          ]
        }
      ]
    }
  ],
  "check_results": null
}
